
Microsoft Visual Studio Solution File, Format Version 12.00
# Visual Studio Version 16
VisualStudioVersion = 16.0.31702.278
MinimumVisualStudioVersion = 10.0.40219.1
Project("{8BC9CEB8-8B4A-11D0-8D11-00A0C91BC942}") = "Project1", "Project1\Project1.vcxproj", "{C90C8DB6-66ED-4567-A0B8-BA6391D77EFE}"
EndProject
Global
	GlobalSection(SolutionConfigurationPlatforms) = preSolution
		Debug|x64 = Debug|x64
		Debug|x86 = Debug|x86
		Release|x64 = Release|x64
		Release|x86 = Release|x86
	EndGlobalSection
	GlobalSection(ProjectConfigurationPlatforms) = postSolution
		{C90C8DB6-66ED-4567-A0B8-BA6391D77EFE}.Debug|x64.ActiveCfg = Debug|x64
		{C90C8DB6-66ED-4567-A0B8-BA6391D77EFE}.Debug|x64.Build.0 = Debug|x64
		{C90C8DB6-66ED-4567-A0B8-BA6391D77EFE}.Debug|x86.ActiveCfg = Debug|Win32
		{C90C8DB6-66ED-4567-A0B8-BA6391D77EFE}.Debug|x86.Build.0 = Debug|Win32
		{C90C8DB6-66ED-4567-A0B8-BA6391D77EFE}.Release|x64.ActiveCfg = Release|x64
		{C90C8DB6-66ED-4567-A0B8-BA6391D77EFE}.Release|x64.Build.0 = Release|x64
		{C90C8DB6-66ED-4567-A0B8-BA6391D77EFE}.Release|x86.ActiveCfg = Release|Win32
		{C90C8DB6-66ED-4567-A0B8-BA6391D77EFE}.Release|x86.Build.0 = Release|Win32
	EndGlobalSection
	GlobalSection(SolutionProperties) = preSolution
		HideSolutionNode = FALSE
	EndGlobalSection
	GlobalSection(ExtensibilityGlobals) = postSolution
		SolutionGuid = {188BD6A9-2D5E-4102-86D3-D160B5171801}
	EndGlobalSection
EndGlobal
